// !$*UTF8*$!
{
	archiveVersion = 1;
	classes = {
	};
	objectVersion = 50;
	objects = {

/* Begin PBXBuildFile section */
		CA7248CA264323FB00F4DD73 /* WishListApp.swift in Sources */ = {isa = PBXBuildFile; fileRef = CA7248C9264323FB00F4DD73 /* WishListApp.swift */; };
		CA7248CC264323FB00F4DD73 /* ContentView.swift in Sources */ = {isa = PBXBuildFile; fileRef = CA7248CB264323FB00F4DD73 /* ContentView.swift */; };
		CA7248CE264323FF00F4DD73 /* Assets.xcassets in Resources */ = {isa = PBXBuildFile; fileRef = CA7248CD264323FF00F4DD73 /* Assets.xcassets */; };
		CA7248D1264323FF00F4DD73 /* Preview Assets.xcassets in Resources */ = {isa = PBXBuildFile; fileRef = CA7248D0264323FF00F4DD73 /* Preview Assets.xcassets */; };
		CA7248DC264323FF00F4DD73 /* WishListTests.swift in Sources */ = {isa = PBXBuildFile; fileRef = CA7248DB264323FF00F4DD73 /* WishListTests.swift */; };
		CA7248E7264323FF00F4DD73 /* WishListUITests.swift in Sources */ = {isa = PBXBuildFile; fileRef = CA7248E6264323FF00F4DD73 /* WishListUITests.swift */; };
/* End PBXBuildFile section */

/* Begin PBXContainerItemProxy section */
		CA7248D8264323FF00F4DD73 /* PBXContainerItemProxy */ = {
			isa = PBXContainerItemProxy;
			containerPortal = CA7248BE264323FB00F4DD73 /* Project object */;
			proxyType = 1;
			remoteGlobalIDString = CA7248C5264323FB00F4DD73;
			remoteInfo = WishList;
		};
		CA7248E3264323FF00F4DD73 /* PBXContainerItemProxy */ = {
			isa = PBXContainerItemProxy;
			containerPortal = CA7248BE264323FB00F4DD73 /* Project object */;
			proxyType = 1;
			remoteGlobalIDString = CA7248C5264323FB00F4DD73;
			remoteInfo = WishList;
		};
/* End PBXContainerItemProxy section */

/* Begin PBXFileReference section */
		CA7248C6264323FB00F4DD73 /* WishList.app */ = {isa = PBXFileReference; explicitFileType = wrapper.application; includeInIndex = 0; path = WishList.app; sourceTree = BUILT_PRODUCTS_DIR; };
		CA7248C9264323FB00F4DD73 /* WishListApp.swift */ = {isa = PBXFileReference; lastKnownFileType = sourcecode.swift; path = WishListApp.swift; sourceTree = "<group>"; };
		CA7248CB264323FB00F4DD73 /* ContentView.swift */ = {isa = PBXFileReference; lastKnownFileType = sourcecode.swift; path = ContentView.swift; sourceTree = "<group>"; };
		CA7248CD264323FF00F4DD73 /* Assets.xcassets */ = {isa = PBXFileReference; lastKnownFileType = folder.assetcatalog; path = Assets.xcassets; sourceTree = "<group>"; };
		CA7248D0264323FF00F4DD73 /* Preview Assets.xcassets */ = {isa = PBXFileReference; lastKnownFileType = folder.assetcatalog; path = "Preview Assets.xcassets"; sourceTree = "<group>"; };
		CA7248D2264323FF00F4DD73 /* Info.plist */ = {isa = PBXFileReference; lastKnownFileType = text.plist.xml; path = Info.plist; sourceTree = "<group>"; };
		CA7248D7264323FF00F4DD73 /* WishListTests.xctest */ = {isa = PBXFileReference; explicitFileType = wrapper.cfbundle; includeInIndex = 0; path = WishListTests.xctest; sourceTree = BUILT_PRODUCTS_DIR; };
		CA7248DB264323FF00F4DD73 /* WishListTests.swift */ = {isa = PBXFileReference; lastKnownFileType = sourcecode.swift; path = WishListTests.swift; sourceTree = "<group>"; };
		CA7248DD264323FF00F4DD73 /* Info.plist */ = {isa = PBXFileReference; lastKnownFileType = text.plist.xml; path = Info.plist; sourceTree = "<group>"; };
		CA7248E2264323FF00F4DD73 /* WishListUITests.xctest */ = {isa = PBXFileReference; explicitFileType = wrapper.cfbundle; includeInIndex = 0; path = WishListUITests.xctest; sourceTree = BUILT_PRODUCTS_DIR; };
		CA7248E6264323FF00F4DD73 /* WishListUITests.swift */ = {isa = PBXFileReference; lastKnownFileType = sourcecode.swift; path = WishListUITests.swift; sourceTree = "<group>"; };
		CA7248E8264323FF00F4DD73 /* Info.plist */ = {isa = PBXFileReference; lastKnownFileType = text.plist.xml; path = Info.plist; sourceTree = "<group>"; };
/* End PBXFileReference section */

/* Begin PBXFrameworksBuildPhase section */
		CA7248C3264323FB00F4DD73 /* Frameworks */ = {
			isa = PBXFrameworksBuildPhase;
			buildActionMask = 2147483647;
			files = (
			);
			runOnlyForDeploymentPostprocessing = 0;
		};
		CA7248D4264323FF00F4DD73 /* Frameworks */ = {
			isa = PBXFrameworksBuildPhase;
			buildActionMask = 2147483647;
			files = (
			);
			runOnlyForDeploymentPostprocessing = 0;
		};
		CA7248DF264323FF00F4DD73 /* Frameworks */ = {
			isa = PBXFrameworksBuildPhase;
			buildActionMask = 2147483647;
			files = (
			);
			runOnlyForDeploymentPostprocessing = 0;
		};
/* End PBXFrameworksBuildPhase section */

/* Begin PBXGroup section */
		CA7248BD264323FB00F4DD73 = {
			isa = PBXGroup;
			children = (
				CA7248C8264323FB00F4DD73 /* WishList */,
				CA7248DA264323FF00F4DD73 /* WishListTests */,
				CA7248E5264323FF00F4DD73 /* WishListUITests */,
				CA7248C7264323FB00F4DD73 /* Products */,
			);
			sourceTree = "<group>";
		};
		CA7248C7264323FB00F4DD73 /* Products */ = {
			isa = PBXGroup;
			children = (
				CA7248C6264323FB00F4DD73 /* WishList.app */,
				CA7248D7264323FF00F4DD73 /* WishListTests.xctest */,
				CA7248E2264323FF00F4DD73 /* WishListUITests.xctest */,
			);
			name = Products;
			sourceTree = "<group>";
		};
		CA7248C8264323FB00F4DD73 /* WishList */ = {
			isa = PBXGroup;
			children = (
				CA7248C9264323FB00F4DD73 /* WishListApp.swift */,
				CA7248CB264323FB00F4DD73 /* ContentView.swift */,
				CA7248CD264323FF00F4DD73 /* Assets.xcassets */,
				CA7248D2264323FF00F4DD73 /* Info.plist */,
				CA7248CF264323FF00F4DD73 /* Preview Content */,
			);
			path = WishList;
			sourceTree = "<group>";
		};
		CA7248CF264323FF00F4DD73 /* Preview Content */ = {
			isa = PBXGroup;
			children = (
				CA7248D0264323FF00F4DD73 /* Preview Assets.xcassets */,
			);
			path = "Preview Content";
			sourceTree = "<group>";
		};
		CA7248DA264323FF00F4DD73 /* WishListTests */ = {
			isa = PBXGroup;
			children = (
				CA7248DB264323FF00F4DD73 /* WishListTests.swift */,
				CA7248DD264323FF00F4DD73 /* Info.plist */,
			);
			path = WishListTests;
			sourceTree = "<group>";
		};
		CA7248E5264323FF00F4DD73 /* WishListUITests */ = {
			isa = PBXGroup;
			children = (
				CA7248E6264323FF00F4DD73 /* WishListUITests.swift */,
				CA7248E8264323FF00F4DD73 /* Info.plist */,
			);
			path = WishListUITests;
			sourceTree = "<group>";
		};
/* End PBXGroup section */

/* Begin PBXNativeTarget section */
		CA7248C5264323FB00F4DD73 /* WishList */ = {
			isa = PBXNativeTarget;
			buildConfigurationList = CA7248EB264323FF00F4DD73 /* Build configuration list for PBXNativeTarget "WishList" */;
			buildPhases = (
				CA7248C2264323FB00F4DD73 /* Sources */,
				CA7248C3264323FB00F4DD73 /* Frameworks */,
				CA7248C4264323FB00F4DD73 /* Resources */,
			);
			buildRules = (
			);
			dependencies = (
			);
			name = WishList;
			productName = WishList;
			productReference = CA7248C6264323FB00F4DD73 /* WishList.app */;
			productType = "com.apple.product-type.application";
		};
		CA7248D6264323FF00F4DD73 /* WishListTests */ = {
			isa = PBXNativeTarget;
			buildConfigurationList = CA7248EE264323FF00F4DD73 /* Build configuration list for PBXNativeTarget "WishListTests" */;
			buildPhases = (
				CA7248D3264323FF00F4DD73 /* Sources */,
				CA7248D4264323FF00F4DD73 /* Frameworks */,
				CA7248D5264323FF00F4DD73 /* Resources */,
			);
			buildRules = (
			);
			dependencies = (
				CA7248D9264323FF00F4DD73 /* PBXTargetDependency */,
			);
			name = WishListTests;
			productName = WishListTests;
			productReference = CA7248D7264323FF00F4DD73 /* WishListTests.xctest */;
			productType = "com.apple.product-type.bundle.unit-test";
		};
		CA7248E1264323FF00F4DD73 /* WishListUITests */ = {
			isa = PBXNativeTarget;
			buildConfigurationList = CA7248F1264323FF00F4DD73 /* Build configuration list for PBXNativeTarget "WishListUITests" */;
			buildPhases = (
				CA7248DE264323FF00F4DD73 /* Sources */,
				CA7248DF264323FF00F4DD73 /* Frameworks */,
				CA7248E0264323FF00F4DD73 /* Resources */,
			);
			buildRules = (
			);
			dependencies = (
				CA7248E4264323FF00F4DD73 /* PBXTargetDependency */,
			);
			name = WishListUITests;
			productName = WishListUITests;
			productReference = CA7248E2264323FF00F4DD73 /* WishListUITests.xctest */;
			productType = "com.apple.product-type.bundle.ui-testing";
		};
/* End PBXNativeTarget section */

/* Begin PBXProject section */
		CA7248BE264323FB00F4DD73 /* Project object */ = {
			isa = PBXProject;
			attributes = {
				LastSwiftUpdateCheck = 1240;
				LastUpgradeCheck = 1240;
				TargetAttributes = {
					CA7248C5264323FB00F4DD73 = {
						CreatedOnToolsVersion = 12.4;
					};
					CA7248D6264323FF00F4DD73 = {
						CreatedOnToolsVersion = 12.4;
						TestTargetID = CA7248C5264323FB00F4DD73;
					};
					CA7248E1264323FF00F4DD73 = {
						CreatedOnToolsVersion = 12.4;
						TestTargetID = CA7248C5264323FB00F4DD73;
					};
				};
			};
			buildConfigurationList = CA7248C1264323FB00F4DD73 /* Build configuration list for PBXProject "WishList" */;
			compatibilityVersion = "Xcode 9.3";
			developmentRegion = en;
			hasScannedForEncodings = 0;
			knownRegions = (
				en,
				Base,
			);
			mainGroup = CA7248BD264323FB00F4DD73;
			productRefGroup = CA7248C7264323FB00F4DD73 /* Products */;
			projectDirPath = "";
			projectRoot = "";
			targets = (
				CA7248C5264323FB00F4DD73 /* WishList */,
				CA7248D6264323FF00F4DD73 /* WishListTests */,
				CA7248E1264323FF00F4DD73 /* WishListUITests */,
			);
		};
/* End PBXProject section */

/* Begin PBXResourcesBuildPhase section */
		CA7248C4264323FB00F4DD73 /* Resources */ = {
			isa = PBXResourcesBuildPhase;
			buildActionMask = 2147483647;
			files = (
				CA7248D1264323FF00F4DD73 /* Preview Assets.xcassets in Resources */,
				CA7248CE264323FF00F4DD73 /* Assets.xcassets in Resources */,
			);
			runOnlyForDeploymentPostprocessing = 0;
		};
		CA7248D5264323FF00F4DD73 /* Resources */ = {
			isa = PBXResourcesBuildPhase;
			buildActionMask = 2147483647;
			files = (
			);
			runOnlyForDeploymentPostprocessing = 0;
		};
		CA7248E0264323FF00F4DD73 /* Resources */ = {
			isa = PBXResourcesBuildPhase;
			buildActionMask = 2147483647;
			files = (
			);
			runOnlyForDeploymentPostprocessing = 0;
		};
/* End PBXResourcesBuildPhase section */

/* Begin PBXSourcesBuildPhase section */
		CA7248C2264323FB00F4DD73 /* Sources */ = {
			isa = PBXSourcesBuildPhase;
			buildActionMask = 2147483647;
			files = (
				CA7248CC264323FB00F4DD73 /* ContentView.swift in Sources */,
				CA7248CA264323FB00F4DD73 /* WishListApp.swift in Sources */,
			);
			runOnlyForDeploymentPostprocessing = 0;
		};
		CA7248D3264323FF00F4DD73 /* Sources */ = {
			isa = PBXSourcesBuildPhase;
			buildActionMask = 2147483647;
			files = (
				CA7248DC264323FF00F4DD73 /* WishListTests.swift in Sources */,
			);
			runOnlyForDeploymentPostprocessing = 0;
		};
		CA7248DE264323FF00F4DD73 /* Sources */ = {
			isa = PBXSourcesBuildPhase;
			buildActionMask = 2147483647;
			files = (
				CA7248E7264323FF00F4DD73 /* WishListUITests.swift in Sources */,
			);
			runOnlyForDeploymentPostprocessing = 0;
		};
/* End PBXSourcesBuildPhase section */

/* Begin PBXTargetDependency section */
		CA7248D9264323FF00F4DD73 /* PBXTargetDependency */ = {
			isa = PBXTargetDependency;
			target = CA7248C5264323FB00F4DD73 /* WishList */;
			targetProxy = CA7248D8264323FF00F4DD73 /* PBXContainerItemProxy */;
		};
		CA7248E4264323FF00F4DD73 /* PBXTargetDependency */ = {
			isa = PBXTargetDependency;
			target = CA7248C5264323FB00F4DD73 /* WishList */;
			targetProxy = CA7248E3264323FF00F4DD73 /* PBXContainerItemProxy */;
		};
/* End PBXTargetDependency section */

/* Begin XCBuildConfiguration section */
		CA7248E9264323FF00F4DD73 /* Debug */ = {
			isa = XCBuildConfiguration;
			buildSettings = {
				ALWAYS_SEARCH_USER_PATHS = NO;
				CLANG_ANALYZER_NONNULL = YES;
				CLANG_ANALYZER_NUMBER_OBJECT_CONVERSION = YES_AGGRESSIVE;
				CLANG_CXX_LANGUAGE_STANDARD = "gnu++14";
				CLANG_CXX_LIBRARY = "libc++";
				CLANG_ENABLE_MODULES = YES;
				CLANG_ENABLE_OBJC_ARC = YES;
				CLANG_ENABLE_OBJC_WEAK = YES;
				CLANG_WARN_BLOCK_CAPTURE_AUTORELEASING = YES;
				CLANG_WARN_BOOL_CONVERSION = YES;
				CLANG_WARN_COMMA = YES;
				CLANG_WARN_CONSTANT_CONVERSION = YES;
				CLANG_WARN_DEPRECATED_OBJC_IMPLEMENTATIONS = YES;
				CLANG_WARN_DIRECT_OBJC_ISA_USAGE = YES_ERROR;
				CLANG_WARN_DOCUMENTATION_COMMENTS = YES;
				CLANG_WARN_EMPTY_BODY = YES;
				CLANG_WARN_ENUM_CONVERSION = YES;
				CLANG_WARN_INFINITE_RECURSION = YES;
				CLANG_WARN_INT_CONVERSION = YES;
				CLANG_WARN_NON_LITERAL_NULL_CONVERSION = YES;
				CLANG_WARN_OBJC_IMPLICIT_RETAIN_SELF = YES;
				CLANG_WARN_OBJC_LITERAL_CONVERSION = YES;
				CLANG_WARN_OBJC_ROOT_CLASS = YES_ERROR;
				CLANG_WARN_QUOTED_INCLUDE_IN_FRAMEWORK_HEADER = YES;
				CLANG_WARN_RANGE_LOOP_ANALYSIS = YES;
				CLANG_WARN_STRICT_PROTOTYPES = YES;
				CLANG_WARN_SUSPICIOUS_MOVE = YES;
				CLANG_WARN_UNGUARDED_AVAILABILITY = YES_AGGRESSIVE;
				CLANG_WARN_UNREACHABLE_CODE = YES;
				CLANG_WARN__DUPLICATE_METHOD_MATCH = YES;
				COPY_PHASE_STRIP = NO;
				DEBUG_INFORMATION_FORMAT = dwarf;
				ENABLE_STRICT_OBJC_MSGSEND = YES;
				ENABLE_TESTABILITY = YES;
				GCC_C_LANGUAGE_STANDARD = gnu11;
				GCC_DYNAMIC_NO_PIC = NO;
				GCC_NO_COMMON_BLOCKS = YES;
				GCC_OPTIMIZATION_LEVEL = 0;
				GCC_PREPROCESSOR_DEFINITIONS = (
					"DEBUG=1",
					"$(inherited)",
				);
				GCC_WARN_64_TO_32_BIT_CONVERSION = YES;
				GCC_WARN_ABOUT_RETURN_TYPE = YES_ERROR;
				GCC_WARN_UNDECLARED_SELECTOR = YES;
				GCC_WARN_UNINITIALIZED_AUTOS = YES_AGGRESSIVE;
				GCC_WARN_UNUSED_FUNCTION = YES;
				GCC_WARN_UNUSED_VARIABLE = YES;
				IPHONEOS_DEPLOYMENT_TARGET = 14.4;
				MTL_ENABLE_DEBUG_INFO = INCLUDE_SOURCE;
				MTL_FAST_MATH = YES;
				ONLY_ACTIVE_ARCH = YES;
				SDKROOT = iphoneos;
				SWIFT_ACTIVE_COMPILATION_CONDITIONS = DEBUG;
				SWIFT_OPTIMIZATION_LEVEL = "-Onone";
			};
			name = Debug;
		};
		CA7248EA264323FF00F4DD73 /* Release */ = {
			isa = XCBuildConfiguration;
			buildSettings = {
				ALWAYS_SEARCH_USER_PATHS = NO;
				CLANG_ANALYZER_NONNULL = YES;
				CLANG_ANALYZER_NUMBER_OBJECT_CONVERSION = YES_AGGRESSIVE;
				CLANG_CXX_LANGUAGE_STANDARD = "gnu++14";
				CLANG_CXX_LIBRARY = "libc++";
				CLANG_ENABLE_MODULES = YES;
				CLANG_ENABLE_OBJC_ARC = YES;
				CLANG_ENABLE_OBJC_WEAK = YES;
				CLANG_WARN_BLOCK_CAPTURE_AUTORELEASING = YES;
				CLANG_WARN_BOOL_CONVERSION = YES;
				CLANG_WARN_COMMA = YES;
				CLANG_WARN_CONSTANT_CONVERSION = YES;
				CLANG_WARN_DEPRECATED_OBJC_IMPLEMENTATIONS = YES;
				CLANG_WARN_DIRECT_OBJC_ISA_USAGE = YES_ERROR;
				CLANG_WARN_DOCUMENTATION_COMMENTS = YES;
				CLANG_WARN_EMPTY_BODY = YES;
				CLANG_WARN_ENUM_CONVERSION = YES;
				CLANG_WARN_INFINITE_RECURSION = YES;
				CLANG_WARN_INT_CONVERSION = YES;
				CLANG_WARN_NON_LITERAL_NULL_CONVERSION = YES;
				CLANG_WARN_OBJC_IMPLICIT_RETAIN_SELF = YES;
				CLANG_WARN_OBJC_LITERAL_CONVERSION = YES;
				CLANG_WARN_OBJC_ROOT_CLASS = YES_ERROR;
				CLANG_WARN_QUOTED_INCLUDE_IN_FRAMEWORK_HEADER = YES;
				CLANG_WARN_RANGE_LOOP_ANALYSIS = YES;
				CLANG_WARN_STRICT_PROTOTYPES = YES;
				CLANG_WARN_SUSPICIOUS_MOVE = YES;
				CLANG_WARN_UNGUARDED_AVAILABILITY = YES_AGGRESSIVE;
				CLANG_WARN_UNREACHABLE_CODE = YES;
				CLANG_WARN__DUPLICATE_METHOD_MATCH = YES;
				COPY_PHASE_STRIP = NO;
				DEBUG_INFORMATION_FORMAT = "dwarf-with-dsym";
				ENABLE_NS_ASSERTIONS = NO;
				ENABLE_STRICT_OBJC_MSGSEND = YES;
				GCC_C_LANGUAGE_STANDARD = gnu11;
				GCC_NO_COMMON_BLOCKS = YES;
				GCC_WARN_64_TO_32_BIT_CONVERSION = YES;
				GCC_WARN_ABOUT_RETURN_TYPE = YES_ERROR;
				GCC_WARN_UNDECLARED_SELECTOR = YES;
				GCC_WARN_UNINITIALIZED_AUTOS = YES_AGGRESSIVE;
				GCC_WARN_UNUSED_FUNCTION = YES;
				GCC_WARN_UNUSED_VARIABLE = YES;
				IPHONEOS_DEPLOYMENT_TARGET = 14.4;
				MTL_ENABLE_DEBUG_INFO = NO;
				MTL_FAST_MATH = YES;
				SDKROOT = iphoneos;
				SWIFT_COMPILATION_MODE = wholemodule;
				SWIFT_OPTIMIZATION_LEVEL = "-O";
				VALIDATE_PRODUCT = YES;
			};
			name = Release;
		};
		CA7248EC264323FF00F4DD73 /* Debug */ = {
			isa = XCBuildConfiguration;
			buildSettings = {
				ASSETCATALOG_COMPILER_APPICON_NAME = AppIcon;
				ASSETCATALOG_COMPILER_GLOBAL_ACCENT_COLOR_NAME = AccentColor;
				CODE_SIGN_STYLE = Automatic;
				DEVELOPMENT_ASSET_PATHS = "\"WishList/Preview Content\"";
				DEVELOPMENT_TEAM = 929N68FKLV;
				ENABLE_PREVIEWS = YES;
				INFOPLIST_FILE = WishList/Info.plist;
				IPHONEOS_DEPLOYMENT_TARGET = 14.0;
				LD_RUNPATH_SEARCH_PATHS = (
					"$(inherited)",
					"@executable_path/Frameworks",
				);
				PRODUCT_BUNDLE_IDENTIFIER = com.nexer.WishList;
				PRODUCT_NAME = "$(TARGET_NAME)";
				SWIFT_VERSION = 5.0;
				TARGETED_DEVICE_FAMILY = "1,2";
			};
			name = Debug;
		};
		CA7248ED264323FF00F4DD73 /* Release */ = {
			isa = XCBuildConfiguration;
			buildSettings = {
				ASSETCATALOG_COMPILER_APPICON_NAME = AppIcon;
				ASSETCATALOG_COMPILER_GLOBAL_ACCENT_COLOR_NAME = AccentColor;
				CODE_SIGN_STYLE = Automatic;
				DEVELOPMENT_ASSET_PATHS = "\"WishList/Preview Content\"";
				DEVELOPMENT_TEAM = 929N68FKLV;
				ENABLE_PREVIEWS = YES;
				INFOPLIST_FILE = WishList/Info.plist;
				IPHONEOS_DEPLOYMENT_TARGET = 14.0;
				LD_RUNPATH_SEARCH_PATHS = (
					"$(inherited)",
					"@executable_path/Frameworks",
				);
				PRODUCT_BUNDLE_IDENTIFIER = com.nexer.WishList;
				PRODUCT_NAME = "$(TARGET_NAME)";
				SWIFT_VERSION = 5.0;
				TARGETED_DEVICE_FAMILY = "1,2";
			};
			name = Release;
		};
		CA7248EF264323FF00F4DD73 /* Debug */ = {
			isa = XCBuildConfiguration;
			buildSettings = {
				ALWAYS_EMBED_SWIFT_STANDARD_LIBRARIES = YES;
				BUNDLE_LOADER = "$(TEST_HOST)";
				CODE_SIGN_STYLE = Automatic;
				DEVELOPMENT_TEAM = 929N68FKLV;
				INFOPLIST_FILE = WishListTests/Info.plist;
				IPHONEOS_DEPLOYMENT_TARGET = 14.0;
				LD_RUNPATH_SEARCH_PATHS = (
					"$(inherited)",
					"@executable_path/Frameworks",
					"@loader_path/Frameworks",
				);
				PRODUCT_BUNDLE_IDENTIFIER = com.nexer.WishListTests;
				PRODUCT_NAME = "$(TARGET_NAME)";
				SWIFT_VERSION = 5.0;
				TARGETED_DEVICE_FAMILY = "1,2";
				TEST_HOST = "$(BUILT_PRODUCTS_DIR)/WishList.app/WishList";
			};
			name = Debug;
		};
		CA7248F0264323FF00F4DD73 /* Release */ = {
			isa = XCBuildConfiguration;
			buildSettings = {
				ALWAYS_EMBED_SWIFT_STANDARD_LIBRARIES = YES;
				BUNDLE_LOADER = "$(TEST_HOST)";
				CODE_SIGN_STYLE = Automatic;
				DEVELOPMENT_TEAM = 929N68FKLV;
				INFOPLIST_FILE = WishListTests/Info.plist;
				IPHONEOS_DEPLOYMENT_TARGET = 14.0;
				LD_RUNPATH_SEARCH_PATHS = (
					"$(inherited)",
					"@executable_path/Frameworks",
					"@loader_path/Frameworks",
				);
				PRODUCT_BUNDLE_IDENTIFIER = com.nexer.WishListTests;
				PRODUCT_NAME = "$(TARGET_NAME)";
				SWIFT_VERSION = 5.0;
				TARGETED_DEVICE_FAMILY = "1,2";
				TEST_HOST = "$(BUILT_PRODUCTS_DIR)/WishList.app/WishList";
			};
			name = Release;
		};
		CA7248F2264323FF00F4DD73 /* Debug */ = {
			isa = XCBuildConfiguration;
			buildSettings = {
				ALWAYS_EMBED_SWIFT_STANDARD_LIBRARIES = YES;
				CODE_SIGN_STYLE = Automatic;
				DEVELOPMENT_TEAM = 929N68FKLV;
				INFOPLIST_FILE = WishListUITests/Info.plist;
				LD_RUNPATH_SEARCH_PATHS = (
					"$(inherited)",
					"@executable_path/Frameworks",
					"@loader_path/Frameworks",
				);
				PRODUCT_BUNDLE_IDENTIFIER = com.nexer.WishListUITests;
				PRODUCT_NAME = "$(TARGET_NAME)";
				SWIFT_VERSION = 5.0;
				TARGETED_DEVICE_FAMILY = "1,2";
				TEST_TARGET_NAME = WishList;
			};
			name = Debug;
		};
		CA7248F3264323FF00F4DD73 /* Release */ = {
			isa = XCBuildConfiguration;
			buildSettings = {
				ALWAYS_EMBED_SWIFT_STANDARD_LIBRARIES = YES;
				CODE_SIGN_STYLE = Automatic;
				DEVELOPMENT_TEAM = 929N68FKLV;
				INFOPLIST_FILE = WishListUITests/Info.plist;
				LD_RUNPATH_SEARCH_PATHS = (
					"$(inherited)",
					"@executable_path/Frameworks",
					"@loader_path/Frameworks",
				);
				PRODUCT_BUNDLE_IDENTIFIER = com.nexer.WishListUITests;
				PRODUCT_NAME = "$(TARGET_NAME)";
				SWIFT_VERSION = 5.0;
				TARGETED_DEVICE_FAMILY = "1,2";
				TEST_TARGET_NAME = WishList;
			};
			name = Release;
		};
/* End XCBuildConfiguration section */

/* Begin XCConfigurationList section */
		CA7248C1264323FB00F4DD73 /* Build configuration list for PBXProject "WishList" */ = {
			isa = XCConfigurationList;
			buildConfigurations = (
				CA7248E9264323FF00F4DD73 /* Debug */,
				CA7248EA264323FF00F4DD73 /* Release */,
			);
			defaultConfigurationIsVisible = 0;
			defaultConfigurationName = Release;
		};
		CA7248EB264323FF00F4DD73 /* Build configuration list for PBXNativeTarget "WishList" */ = {
			isa = XCConfigurationList;
			buildConfigurations = (
				CA7248EC264323FF00F4DD73 /* Debug */,
				CA7248ED264323FF00F4DD73 /* Release */,
			);
			defaultConfigurationIsVisible = 0;
			defaultConfigurationName = Release;
		};
		CA7248EE264323FF00F4DD73 /* Build configuration list for PBXNativeTarget "WishListTests" */ = {
			isa = XCConfigurationList;
			buildConfigurations = (
				CA7248EF264323FF00F4DD73 /* Debug */,
				CA7248F0264323FF00F4DD73 /* Release */,
			);
			defaultConfigurationIsVisible = 0;
			defaultConfigurationName = Release;
		};
		CA7248F1264323FF00F4DD73 /* Build configuration list for PBXNativeTarget "WishListUITests" */ = {
			isa = XCConfigurationList;
			buildConfigurations = (
				CA7248F2264323FF00F4DD73 /* Debug */,
				CA7248F3264323FF00F4DD73 /* Release */,
			);
			defaultConfigurationIsVisible = 0;
			defaultConfigurationName = Release;
		};
/* End XCConfigurationList section */
	};
	rootObject = CA7248BE264323FB00F4DD73 /* Project object */;
}
